
Microsoft Visual Studio Solution File, Format Version 12.00
# Visual Studio 15
VisualStudioVersion = 15.0.35319.79
MinimumVisualStudioVersion = 10.0.40219.1
Project("{8BC9CEB8-8B4A-11D0-8D11-00A0C91BC942}") = "Одинаковые, но разные функции", "Одинаковые, но разные функции\Одинаковые, но разные функции.vcxproj", "{181AF4A9-22A6-40C6-88B3-ED472B298AE5}"
EndProject
Global
	GlobalSection(SolutionConfigurationPlatforms) = preSolution
		Debug|x64 = Debug|x64
		Debug|x86 = Debug|x86
		Release|x64 = Release|x64
		Release|x86 = Release|x86
	EndGlobalSection
	GlobalSection(ProjectConfigurationPlatforms) = postSolution
		{181AF4A9-22A6-40C6-88B3-ED472B298AE5}.Debug|x64.ActiveCfg = Debug|x64
		{181AF4A9-22A6-40C6-88B3-ED472B298AE5}.Debug|x64.Build.0 = Debug|x64
		{181AF4A9-22A6-40C6-88B3-ED472B298AE5}.Debug|x86.ActiveCfg = Debug|Win32
		{181AF4A9-22A6-40C6-88B3-ED472B298AE5}.Debug|x86.Build.0 = Debug|Win32
		{181AF4A9-22A6-40C6-88B3-ED472B298AE5}.Release|x64.ActiveCfg = Release|x64
		{181AF4A9-22A6-40C6-88B3-ED472B298AE5}.Release|x64.Build.0 = Release|x64
		{181AF4A9-22A6-40C6-88B3-ED472B298AE5}.Release|x86.ActiveCfg = Release|Win32
		{181AF4A9-22A6-40C6-88B3-ED472B298AE5}.Release|x86.Build.0 = Release|Win32
	EndGlobalSection
	GlobalSection(SolutionProperties) = preSolution
		HideSolutionNode = FALSE
	EndGlobalSection
	GlobalSection(ExtensibilityGlobals) = postSolution
		SolutionGuid = {0DC89CE3-F13E-4356-B846-74C0384CF191}
	EndGlobalSection
EndGlobal
